
Microsoft Visual Studio Solution File, Format Version 12.00
# Visual Studio Version 17
VisualStudioVersion = 17.2.32519.379
MinimumVisualStudioVersion = 10.0.40219.1
Project("{9A19103F-16F7-4668-BE54-9A1E7A4F7556}") = "jsmclients.API", "jsmclients.API\jsmclients.API.csproj", "{C71A3AD7-1A06-4962-AEE0-1B64D895FA7C}"
EndProject
Project("{9A19103F-16F7-4668-BE54-9A1E7A4F7556}") = "jsmclients.Application", "jsmclients.Application\jsmclients.Application.csproj", "{6341BC5F-F3CE-45DB-836C-FBFFDCE8C46A}"
EndProject
Project("{9A19103F-16F7-4668-BE54-9A1E7A4F7556}") = "jsmclients.Core", "jsmclients.Core\jsmclients.Core.csproj", "{32D35F66-99F5-4118-B0F9-4B37C5BACFB7}"
EndProject
Project("{9A19103F-16F7-4668-BE54-9A1E7A4F7556}") = "jsmclients.Infra", "jsmclients.Infra\jsmclients.Infra.csproj", "{62CC64E9-2B14-44F4-85DC-06402A6FD1E6}"
EndProject
Project("{FAE04EC0-301F-11D3-BF4B-00C04F79EFBC}") = "jsmclients.Tests", "jsmclients.Tests\jsmclients.Tests.csproj", "{1074D3EB-CE08-49D4-B369-D58CBB74BCAE}"
EndProject
Global
	GlobalSection(SolutionConfigurationPlatforms) = preSolution
		Debug|Any CPU = Debug|Any CPU
		Release|Any CPU = Release|Any CPU
	EndGlobalSection
	GlobalSection(ProjectConfigurationPlatforms) = postSolution
		{C71A3AD7-1A06-4962-AEE0-1B64D895FA7C}.Debug|Any CPU.ActiveCfg = Debug|Any CPU
		{C71A3AD7-1A06-4962-AEE0-1B64D895FA7C}.Debug|Any CPU.Build.0 = Debug|Any CPU
		{C71A3AD7-1A06-4962-AEE0-1B64D895FA7C}.Release|Any CPU.ActiveCfg = Release|Any CPU
		{C71A3AD7-1A06-4962-AEE0-1B64D895FA7C}.Release|Any CPU.Build.0 = Release|Any CPU
		{6341BC5F-F3CE-45DB-836C-FBFFDCE8C46A}.Debug|Any CPU.ActiveCfg = Debug|Any CPU
		{6341BC5F-F3CE-45DB-836C-FBFFDCE8C46A}.Debug|Any CPU.Build.0 = Debug|Any CPU
		{6341BC5F-F3CE-45DB-836C-FBFFDCE8C46A}.Release|Any CPU.ActiveCfg = Release|Any CPU
		{6341BC5F-F3CE-45DB-836C-FBFFDCE8C46A}.Release|Any CPU.Build.0 = Release|Any CPU
		{32D35F66-99F5-4118-B0F9-4B37C5BACFB7}.Debug|Any CPU.ActiveCfg = Debug|Any CPU
		{32D35F66-99F5-4118-B0F9-4B37C5BACFB7}.Debug|Any CPU.Build.0 = Debug|Any CPU
		{32D35F66-99F5-4118-B0F9-4B37C5BACFB7}.Release|Any CPU.ActiveCfg = Release|Any CPU
		{32D35F66-99F5-4118-B0F9-4B37C5BACFB7}.Release|Any CPU.Build.0 = Release|Any CPU
		{62CC64E9-2B14-44F4-85DC-06402A6FD1E6}.Debug|Any CPU.ActiveCfg = Debug|Any CPU
		{62CC64E9-2B14-44F4-85DC-06402A6FD1E6}.Debug|Any CPU.Build.0 = Debug|Any CPU
		{62CC64E9-2B14-44F4-85DC-06402A6FD1E6}.Release|Any CPU.ActiveCfg = Release|Any CPU
		{62CC64E9-2B14-44F4-85DC-06402A6FD1E6}.Release|Any CPU.Build.0 = Release|Any CPU
		{1074D3EB-CE08-49D4-B369-D58CBB74BCAE}.Debug|Any CPU.ActiveCfg = Debug|Any CPU
		{1074D3EB-CE08-49D4-B369-D58CBB74BCAE}.Debug|Any CPU.Build.0 = Debug|Any CPU
		{1074D3EB-CE08-49D4-B369-D58CBB74BCAE}.Release|Any CPU.ActiveCfg = Release|Any CPU
		{1074D3EB-CE08-49D4-B369-D58CBB74BCAE}.Release|Any CPU.Build.0 = Release|Any CPU
	EndGlobalSection
	GlobalSection(SolutionProperties) = preSolution
		HideSolutionNode = FALSE
	EndGlobalSection
	GlobalSection(ExtensibilityGlobals) = postSolution
		SolutionGuid = {DF9A0D69-7579-48C4-8D47-29406BC81FBB}
	EndGlobalSection
EndGlobal
